
Microsoft Visual Studio Solution File, Format Version 12.00
# Visual Studio Version 17
VisualStudioVersion = 17.5.002.0
MinimumVisualStudioVersion = 10.0.40219.1
Project("{9A19103F-16F7-4668-BE54-9A1E7A4F7556}") = "ProblemaDaMochila", "ProblemaDaMochila.csproj", "{C830257E-EBBE-4C05-B8B8-DFBB76B2EBFF}"
EndProject
Global
	GlobalSection(SolutionConfigurationPlatforms) = preSolution
		Debug|Any CPU = Debug|Any CPU
		Release|Any CPU = Release|Any CPU
	EndGlobalSection
	GlobalSection(ProjectConfigurationPlatforms) = postSolution
		{C830257E-EBBE-4C05-B8B8-DFBB76B2EBFF}.Debug|Any CPU.ActiveCfg = Debug|Any CPU
		{C830257E-EBBE-4C05-B8B8-DFBB76B2EBFF}.Debug|Any CPU.Build.0 = Debug|Any CPU
		{C830257E-EBBE-4C05-B8B8-DFBB76B2EBFF}.Release|Any CPU.ActiveCfg = Release|Any CPU
		{C830257E-EBBE-4C05-B8B8-DFBB76B2EBFF}.Release|Any CPU.Build.0 = Release|Any CPU
	EndGlobalSection
	GlobalSection(SolutionProperties) = preSolution
		HideSolutionNode = FALSE
	EndGlobalSection
	GlobalSection(ExtensibilityGlobals) = postSolution
		SolutionGuid = {BF2529C9-BC4F-4131-B3A1-59B08E5598F9}
	EndGlobalSection
EndGlobal
